
Microsoft Visual Studio Solution File, Format Version 12.00
# Visual Studio Version 17
VisualStudioVersion = 17.13.35806.99
MinimumVisualStudioVersion = 10.0.40219.1
Project("{9A19103F-16F7-4668-BE54-9A1E7A4F7556}") = "HospitalManagementSystem.Web", "HospitalManagementSystem.Web\HospitalManagementSystem.Web.csproj", "{5D1C2F35-8966-4162-A33A-559A65C2EEF0}"
EndProject
Project("{9A19103F-16F7-4668-BE54-9A1E7A4F7556}") = "HospitalManagementSystem.Service", "HospitalManagementSystem.Service\HospitalManagementSystem.Service.csproj", "{424D5230-6C9E-4876-997C-E8F4B6130E9B}"
EndProject
Project("{9A19103F-16F7-4668-BE54-9A1E7A4F7556}") = "HospitalManagementSystem.Repository", "HospitalManagementSystem.Repository\HospitalManagementSystem.Repository.csproj", "{8645D8E4-9093-47D8-B003-7F9B90BD8270}"
EndProject
Project("{9A19103F-16F7-4668-BE54-9A1E7A4F7556}") = "HospitalManagementSystem.Models", "HospitalManagementSystem.Models\HospitalManagementSystem.Models.csproj", "{5AFCE7DC-A25B-437A-9AD5-B63FF8692FEC}"
EndProject
Project("{9A19103F-16F7-4668-BE54-9A1E7A4F7556}") = "HospitalManagementSystem.Data", "HospitalManagementSystem.Data\HospitalManagementSystem.Data.csproj", "{BDB15C1D-74B9-4040-9A3B-925FB829B4C2}"
EndProject
Project("{FAE04EC0-301F-11D3-BF4B-00C04F79EFBC}") = "HospitalManagementSystem.API", "HospitalManagementSystem.API\HospitalManagementSystem.API.csproj", "{57AD52CF-D27E-4B7D-BF4E-8CBD865E4B1A}"
EndProject
Global
	GlobalSection(SolutionConfigurationPlatforms) = preSolution
		Debug|Any CPU = Debug|Any CPU
		Release|Any CPU = Release|Any CPU
	EndGlobalSection
	GlobalSection(ProjectConfigurationPlatforms) = postSolution
		{5D1C2F35-8966-4162-A33A-559A65C2EEF0}.Debug|Any CPU.ActiveCfg = Debug|Any CPU
		{5D1C2F35-8966-4162-A33A-559A65C2EEF0}.Debug|Any CPU.Build.0 = Debug|Any CPU
		{5D1C2F35-8966-4162-A33A-559A65C2EEF0}.Release|Any CPU.ActiveCfg = Release|Any CPU
		{5D1C2F35-8966-4162-A33A-559A65C2EEF0}.Release|Any CPU.Build.0 = Release|Any CPU
		{424D5230-6C9E-4876-997C-E8F4B6130E9B}.Debug|Any CPU.ActiveCfg = Debug|Any CPU
		{424D5230-6C9E-4876-997C-E8F4B6130E9B}.Debug|Any CPU.Build.0 = Debug|Any CPU
		{424D5230-6C9E-4876-997C-E8F4B6130E9B}.Release|Any CPU.ActiveCfg = Release|Any CPU
		{424D5230-6C9E-4876-997C-E8F4B6130E9B}.Release|Any CPU.Build.0 = Release|Any CPU
		{8645D8E4-9093-47D8-B003-7F9B90BD8270}.Debug|Any CPU.ActiveCfg = Debug|Any CPU
		{8645D8E4-9093-47D8-B003-7F9B90BD8270}.Debug|Any CPU.Build.0 = Debug|Any CPU
		{8645D8E4-9093-47D8-B003-7F9B90BD8270}.Release|Any CPU.ActiveCfg = Release|Any CPU
		{8645D8E4-9093-47D8-B003-7F9B90BD8270}.Release|Any CPU.Build.0 = Release|Any CPU
		{5AFCE7DC-A25B-437A-9AD5-B63FF8692FEC}.Debug|Any CPU.ActiveCfg = Debug|Any CPU
		{5AFCE7DC-A25B-437A-9AD5-B63FF8692FEC}.Debug|Any CPU.Build.0 = Debug|Any CPU
		{5AFCE7DC-A25B-437A-9AD5-B63FF8692FEC}.Release|Any CPU.ActiveCfg = Release|Any CPU
		{5AFCE7DC-A25B-437A-9AD5-B63FF8692FEC}.Release|Any CPU.Build.0 = Release|Any CPU
		{BDB15C1D-74B9-4040-9A3B-925FB829B4C2}.Debug|Any CPU.ActiveCfg = Debug|Any CPU
		{BDB15C1D-74B9-4040-9A3B-925FB829B4C2}.Debug|Any CPU.Build.0 = Debug|Any CPU
		{BDB15C1D-74B9-4040-9A3B-925FB829B4C2}.Release|Any CPU.ActiveCfg = Release|Any CPU
		{BDB15C1D-74B9-4040-9A3B-925FB829B4C2}.Release|Any CPU.Build.0 = Release|Any CPU
		{57AD52CF-D27E-4B7D-BF4E-8CBD865E4B1A}.Debug|Any CPU.ActiveCfg = Debug|Any CPU
		{57AD52CF-D27E-4B7D-BF4E-8CBD865E4B1A}.Debug|Any CPU.Build.0 = Debug|Any CPU
		{57AD52CF-D27E-4B7D-BF4E-8CBD865E4B1A}.Release|Any CPU.ActiveCfg = Release|Any CPU
		{57AD52CF-D27E-4B7D-BF4E-8CBD865E4B1A}.Release|Any CPU.Build.0 = Release|Any CPU
	EndGlobalSection
	GlobalSection(SolutionProperties) = preSolution
		HideSolutionNode = FALSE
	EndGlobalSection
	GlobalSection(ExtensibilityGlobals) = postSolution
		SolutionGuid = {E7AC6FB3-0B8F-4209-88C6-BD65D90607FB}
	EndGlobalSection
EndGlobal
